// !$*UTF8*$!
{
	archiveVersion = 1;
	classes = {
	};
	objectVersion = 50;
	objects = {

/* Begin PBXBuildFile section */
		0F008C852498290400AB3B17 /* DateManager.swift in Sources */ = {isa = PBXBuildFile; fileRef = 0F008C842498290400AB3B17 /* DateManager.swift */; };
		0FA4B6B32496BE7B00A98649 /* Time.swift in Sources */ = {isa = PBXBuildFile; fileRef = 0FA4B6B22496BE7B00A98649 /* Time.swift */; };
		0FA4B6B62496C26E00A98649 /* DateExtension.swift in Sources */ = {isa = PBXBuildFile; fileRef = 0FA4B6B52496C26E00A98649 /* DateExtension.swift */; };
		0FE732C42495D63500A0A67C /* MealRowController.swift in Sources */ = {isa = PBXBuildFile; fileRef = 0FE732C32495D63500A0A67C /* MealRowController.swift */; };
		49A8095B249976A00045A1B5 /* CircleProgressScene.swift in Sources */ = {isa = PBXBuildFile; fileRef = 49A8095A249976A00045A1B5 /* CircleProgressScene.swift */; };
		49A80961249A9DC90045A1B5 /* Report.storyboard in Resources */ = {isa = PBXBuildFile; fileRef = 49A80960249A9DC90045A1B5 /* Report.storyboard */; };
		49A80963249AA0DD0045A1B5 /* ReportController.swift in Sources */ = {isa = PBXBuildFile; fileRef = 49A80962249AA0DD0045A1B5 /* ReportController.swift */; };
		49D164A42497853E00A74A51 /* MealEditController.swift in Sources */ = {isa = PBXBuildFile; fileRef = 49D164A32497853E00A74A51 /* MealEditController.swift */; };
		49D164A624978AD000A74A51 /* IntExtension.swift in Sources */ = {isa = PBXBuildFile; fileRef = 49D164A524978AD000A74A51 /* IntExtension.swift */; };
		49D164A82498031200A74A51 /* MealCreateController.swift in Sources */ = {isa = PBXBuildFile; fileRef = 49D164A72498031200A74A51 /* MealCreateController.swift */; };
		6C0FED5E2497F1B2003AD52D /* ReportMetrics.swift in Sources */ = {isa = PBXBuildFile; fileRef = 6C0FED5D2497F1B2003AD52D /* ReportMetrics.swift */; };
		6CB2716524954DC3009A207F /* MealDAO.swift in Sources */ = {isa = PBXBuildFile; fileRef = 6CB2716424954DC3009A207F /* MealDAO.swift */; };
		6CCEE63C249958DC00DF53D8 /* RoportNotificationController.swift in Sources */ = {isa = PBXBuildFile; fileRef = 6CCEE63B249958DC00DF53D8 /* RoportNotificationController.swift */; };
		E20AF64A2498037600AEC68A /* DelayNotificationNotificationController.swift in Sources */ = {isa = PBXBuildFile; fileRef = E20AF6492498037600AEC68A /* DelayNotificationNotificationController.swift */; };
		E20AF64C2498141E00AEC68A /* TimeValidator.swift in Sources */ = {isa = PBXBuildFile; fileRef = E20AF64B2498141E00AEC68A /* TimeValidator.swift */; };
		E2321D472493AEB900E4D76F /* Meal.swift in Sources */ = {isa = PBXBuildFile; fileRef = E2321D462493AEB900E4D76F /* Meal.swift */; };
		E2321D4B2493B2DF00E4D76F /* Enums.swift in Sources */ = {isa = PBXBuildFile; fileRef = E2321D4A2493B2DF00E4D76F /* Enums.swift */; };
		E2321D502493B8A900E4D76F /* Report.swift in Sources */ = {isa = PBXBuildFile; fileRef = E2321D4F2493B8A900E4D76F /* Report.swift */; };
		E2321D542493BA2F00E4D76F /* TimeMeals.xcdatamodeld in Sources */ = {isa = PBXBuildFile; fileRef = E2321D522493BA2F00E4D76F /* TimeMeals.xcdatamodeld */; };
		E2321D5F2493BBB700E4D76F /* CDManager.swift in Sources */ = {isa = PBXBuildFile; fileRef = E2321D5E2493BBB700E4D76F /* CDManager.swift */; };
		E2321D632493BDC000E4D76F /* CloudKit.framework in Frameworks */ = {isa = PBXBuildFile; fileRef = E2321D622493BDC000E4D76F /* CloudKit.framework */; };
		E2321D652493BE4500E4D76F /* CoreData.framework in Frameworks */ = {isa = PBXBuildFile; fileRef = E2321D642493BE4500E4D76F /* CoreData.framework */; };
		E2321D682493D5CA00E4D76F /* ReportDAO.swift in Sources */ = {isa = PBXBuildFile; fileRef = E2321D672493D5CA00E4D76F /* ReportDAO.swift */; };
		E2321D6B24959E8800E4D76F /* AppNotifications.swift in Sources */ = {isa = PBXBuildFile; fileRef = E2321D6A24959E8800E4D76F /* AppNotifications.swift */; };
		E2C1C73E24915E4100EBBC46 /* TimeMeals WatchKit App.app in Embed Watch Content */ = {isa = PBXBuildFile; fileRef = E2C1C73D24915E4100EBBC46 /* TimeMeals WatchKit App.app */; settings = {ATTRIBUTES = (RemoveHeadersOnCopy, ); }; };
		E2C1C74424915E4100EBBC46 /* Interface.storyboard in Resources */ = {isa = PBXBuildFile; fileRef = E2C1C74224915E4100EBBC46 /* Interface.storyboard */; };
		E2C1C74624915E4600EBBC46 /* Assets.xcassets in Resources */ = {isa = PBXBuildFile; fileRef = E2C1C74524915E4600EBBC46 /* Assets.xcassets */; };
		E2C1C74D24915E4600EBBC46 /* TimeMeals WatchKit Extension.appex in Embed App Extensions */ = {isa = PBXBuildFile; fileRef = E2C1C74C24915E4600EBBC46 /* TimeMeals WatchKit Extension.appex */; settings = {ATTRIBUTES = (RemoveHeadersOnCopy, ); }; };
		E2C1C75224915E4600EBBC46 /* InterfaceController.swift in Sources */ = {isa = PBXBuildFile; fileRef = E2C1C75124915E4600EBBC46 /* InterfaceController.swift */; };
		E2C1C75424915E4600EBBC46 /* ExtensionDelegate.swift in Sources */ = {isa = PBXBuildFile; fileRef = E2C1C75324915E4600EBBC46 /* ExtensionDelegate.swift */; };
		E2C1C75624915E4600EBBC46 /* NotificationController.swift in Sources */ = {isa = PBXBuildFile; fileRef = E2C1C75524915E4600EBBC46 /* NotificationController.swift */; };
		E2C1C75824915E4600EBBC46 /* ComplicationController.swift in Sources */ = {isa = PBXBuildFile; fileRef = E2C1C75724915E4600EBBC46 /* ComplicationController.swift */; };
		E2C1C75A24915E4800EBBC46 /* Assets.xcassets in Resources */ = {isa = PBXBuildFile; fileRef = E2C1C75924915E4800EBBC46 /* Assets.xcassets */; };
/* End PBXBuildFile section */

/* Begin PBXContainerItemProxy section */
		E2C1C73F24915E4100EBBC46 /* PBXContainerItemProxy */ = {
			isa = PBXContainerItemProxy;
			containerPortal = E2C1C73324915E4100EBBC46 /* Project object */;
			proxyType = 1;
			remoteGlobalIDString = E2C1C73C24915E4100EBBC46;
			remoteInfo = "TimeMeals WatchKit App";
		};
		E2C1C74E24915E4600EBBC46 /* PBXContainerItemProxy */ = {
			isa = PBXContainerItemProxy;
			containerPortal = E2C1C73324915E4100EBBC46 /* Project object */;
			proxyType = 1;
			remoteGlobalIDString = E2C1C74B24915E4600EBBC46;
			remoteInfo = "TimeMeals WatchKit Extension";
		};
/* End PBXContainerItemProxy section */

/* Begin PBXCopyFilesBuildPhase section */
		E2C1C76224915E4800EBBC46 /* Embed App Extensions */ = {
			isa = PBXCopyFilesBuildPhase;
			buildActionMask = 2147483647;
			dstPath = "";
			dstSubfolderSpec = 13;
			files = (
				E2C1C74D24915E4600EBBC46 /* TimeMeals WatchKit Extension.appex in Embed App Extensions */,
			);
			name = "Embed App Extensions";
			runOnlyForDeploymentPostprocessing = 0;
		};
		E2C1C76624915E4800EBBC46 /* Embed Watch Content */ = {
			isa = PBXCopyFilesBuildPhase;
			buildActionMask = 2147483647;
			dstPath = "$(CONTENTS_FOLDER_PATH)/Watch";
			dstSubfolderSpec = 16;
			files = (
				E2C1C73E24915E4100EBBC46 /* TimeMeals WatchKit App.app in Embed Watch Content */,
			);
			name = "Embed Watch Content";
			runOnlyForDeploymentPostprocessing = 0;
		};
/* End PBXCopyFilesBuildPhase section */

/* Begin PBXFileReference section */
		0F008C842498290400AB3B17 /* DateManager.swift */ = {isa = PBXFileReference; lastKnownFileType = sourcecode.swift; path = DateManager.swift; sourceTree = "<group>"; };
		0FA4B6B22496BE7B00A98649 /* Time.swift */ = {isa = PBXFileReference; lastKnownFileType = sourcecode.swift; path = Time.swift; sourceTree = "<group>"; };
		0FA4B6B52496C26E00A98649 /* DateExtension.swift */ = {isa = PBXFileReference; lastKnownFileType = sourcecode.swift; path = DateExtension.swift; sourceTree = "<group>"; };
		0FE732C32495D63500A0A67C /* MealRowController.swift */ = {isa = PBXFileReference; lastKnownFileType = sourcecode.swift; path = MealRowController.swift; sourceTree = "<group>"; };
		49A8095A249976A00045A1B5 /* CircleProgressScene.swift */ = {isa = PBXFileReference; lastKnownFileType = sourcecode.swift; path = CircleProgressScene.swift; sourceTree = "<group>"; };
		49A80960249A9DC90045A1B5 /* Report.storyboard */ = {isa = PBXFileReference; lastKnownFileType = file.storyboard; path = Report.storyboard; sourceTree = "<group>"; };
		49A80962249AA0DD0045A1B5 /* ReportController.swift */ = {isa = PBXFileReference; lastKnownFileType = sourcecode.swift; path = ReportController.swift; sourceTree = "<group>"; };
		49D164A32497853E00A74A51 /* MealEditController.swift */ = {isa = PBXFileReference; lastKnownFileType = sourcecode.swift; path = MealEditController.swift; sourceTree = "<group>"; };
		49D164A524978AD000A74A51 /* IntExtension.swift */ = {isa = PBXFileReference; lastKnownFileType = sourcecode.swift; path = IntExtension.swift; sourceTree = "<group>"; };
		49D164A72498031200A74A51 /* MealCreateController.swift */ = {isa = PBXFileReference; lastKnownFileType = sourcecode.swift; path = MealCreateController.swift; sourceTree = "<group>"; };
		6C0FED5D2497F1B2003AD52D /* ReportMetrics.swift */ = {isa = PBXFileReference; lastKnownFileType = sourcecode.swift; path = ReportMetrics.swift; sourceTree = "<group>"; };
		6CB2716424954DC3009A207F /* MealDAO.swift */ = {isa = PBXFileReference; lastKnownFileType = sourcecode.swift; path = MealDAO.swift; sourceTree = "<group>"; };
		6CCEE63B249958DC00DF53D8 /* RoportNotificationController.swift */ = {isa = PBXFileReference; lastKnownFileType = sourcecode.swift; path = RoportNotificationController.swift; sourceTree = "<group>"; };
		E20AF6492498037600AEC68A /* DelayNotificationNotificationController.swift */ = {isa = PBXFileReference; lastKnownFileType = sourcecode.swift; path = DelayNotificationNotificationController.swift; sourceTree = "<group>"; };
		E20AF64B2498141E00AEC68A /* TimeValidator.swift */ = {isa = PBXFileReference; lastKnownFileType = sourcecode.swift; path = TimeValidator.swift; sourceTree = "<group>"; };
		E2321D462493AEB900E4D76F /* Meal.swift */ = {isa = PBXFileReference; lastKnownFileType = sourcecode.swift; path = Meal.swift; sourceTree = "<group>"; };
		E2321D4A2493B2DF00E4D76F /* Enums.swift */ = {isa = PBXFileReference; lastKnownFileType = sourcecode.swift; path = Enums.swift; sourceTree = "<group>"; };
		E2321D4F2493B8A900E4D76F /* Report.swift */ = {isa = PBXFileReference; lastKnownFileType = sourcecode.swift; path = Report.swift; sourceTree = "<group>"; };
		E2321D532493BA2F00E4D76F /* TimeMeals.xcdatamodel */ = {isa = PBXFileReference; lastKnownFileType = wrapper.xcdatamodel; path = TimeMeals.xcdatamodel; sourceTree = "<group>"; };
		E2321D5E2493BBB700E4D76F /* CDManager.swift */ = {isa = PBXFileReference; lastKnownFileType = sourcecode.swift; path = CDManager.swift; sourceTree = "<group>"; };
		E2321D602493BDBB00E4D76F /* TimeMeals WatchKit Extension.entitlements */ = {isa = PBXFileReference; lastKnownFileType = text.plist.entitlements; path = "TimeMeals WatchKit Extension.entitlements"; sourceTree = "<group>"; };
		E2321D622493BDC000E4D76F /* CloudKit.framework */ = {isa = PBXFileReference; lastKnownFileType = wrapper.framework; name = CloudKit.framework; path = Platforms/WatchOS.platform/Developer/SDKs/WatchOS6.2.sdk/System/Library/Frameworks/CloudKit.framework; sourceTree = DEVELOPER_DIR; };
		E2321D642493BE4500E4D76F /* CoreData.framework */ = {isa = PBXFileReference; lastKnownFileType = wrapper.framework; name = CoreData.framework; path = Platforms/WatchOS.platform/Developer/SDKs/WatchOS6.2.sdk/System/Library/Frameworks/CoreData.framework; sourceTree = DEVELOPER_DIR; };
		E2321D672493D5CA00E4D76F /* ReportDAO.swift */ = {isa = PBXFileReference; lastKnownFileType = sourcecode.swift; path = ReportDAO.swift; sourceTree = "<group>"; };
		E2321D6A24959E8800E4D76F /* AppNotifications.swift */ = {isa = PBXFileReference; lastKnownFileType = sourcecode.swift; path = AppNotifications.swift; sourceTree = "<group>"; wrapsLines = 1; };
		E2C1C73924915E4100EBBC46 /* TimeMeals.app */ = {isa = PBXFileReference; explicitFileType = wrapper.application; includeInIndex = 0; path = TimeMeals.app; sourceTree = BUILT_PRODUCTS_DIR; };
		E2C1C73D24915E4100EBBC46 /* TimeMeals WatchKit App.app */ = {isa = PBXFileReference; explicitFileType = wrapper.application; includeInIndex = 0; path = "TimeMeals WatchKit App.app"; sourceTree = BUILT_PRODUCTS_DIR; };
		E2C1C74324915E4100EBBC46 /* Base */ = {isa = PBXFileReference; lastKnownFileType = file.storyboard; name = Base; path = Base.lproj/Interface.storyboard; sourceTree = "<group>"; };
		E2C1C74524915E4600EBBC46 /* Assets.xcassets */ = {isa = PBXFileReference; lastKnownFileType = folder.assetcatalog; path = Assets.xcassets; sourceTree = "<group>"; };
		E2C1C74724915E4600EBBC46 /* Info.plist */ = {isa = PBXFileReference; lastKnownFileType = text.plist.xml; path = Info.plist; sourceTree = "<group>"; };
		E2C1C74C24915E4600EBBC46 /* TimeMeals WatchKit Extension.appex */ = {isa = PBXFileReference; explicitFileType = "wrapper.app-extension"; includeInIndex = 0; path = "TimeMeals WatchKit Extension.appex"; sourceTree = BUILT_PRODUCTS_DIR; };
		E2C1C75124915E4600EBBC46 /* InterfaceController.swift */ = {isa = PBXFileReference; lastKnownFileType = sourcecode.swift; path = InterfaceController.swift; sourceTree = "<group>"; };
		E2C1C75324915E4600EBBC46 /* ExtensionDelegate.swift */ = {isa = PBXFileReference; lastKnownFileType = sourcecode.swift; path = ExtensionDelegate.swift; sourceTree = "<group>"; };
		E2C1C75524915E4600EBBC46 /* NotificationController.swift */ = {isa = PBXFileReference; lastKnownFileType = sourcecode.swift; path = NotificationController.swift; sourceTree = "<group>"; };
		E2C1C75724915E4600EBBC46 /* ComplicationController.swift */ = {isa = PBXFileReference; lastKnownFileType = sourcecode.swift; path = ComplicationController.swift; sourceTree = "<group>"; };
		E2C1C75924915E4800EBBC46 /* Assets.xcassets */ = {isa = PBXFileReference; lastKnownFileType = folder.assetcatalog; path = Assets.xcassets; sourceTree = "<group>"; };
		E2C1C75B24915E4800EBBC46 /* Info.plist */ = {isa = PBXFileReference; lastKnownFileType = text.plist.xml; path = Info.plist; sourceTree = "<group>"; };
		E2C1C75C24915E4800EBBC46 /* PushNotificationPayload.apns */ = {isa = PBXFileReference; lastKnownFileType = text; path = PushNotificationPayload.apns; sourceTree = "<group>"; };
/* End PBXFileReference section */

/* Begin PBXFrameworksBuildPhase section */
		E2C1C74924915E4600EBBC46 /* Frameworks */ = {
			isa = PBXFrameworksBuildPhase;
			buildActionMask = 2147483647;
			files = (
				E2321D632493BDC000E4D76F /* CloudKit.framework in Frameworks */,
				E2321D652493BE4500E4D76F /* CoreData.framework in Frameworks */,
			);
			runOnlyForDeploymentPostprocessing = 0;
		};
/* End PBXFrameworksBuildPhase section */

/* Begin PBXGroup section */
		0FA4B6B42496C26000A98649 /* Extension */ = {
			isa = PBXGroup;
			children = (
				E2C1C75324915E4600EBBC46 /* ExtensionDelegate.swift */,
				0FA4B6B52496C26E00A98649 /* DateExtension.swift */,
				49D164A524978AD000A74A51 /* IntExtension.swift */,
			);
			path = Extension;
			sourceTree = "<group>";
		};
		0FE732C22495D61B00A0A67C /* Controller */ = {
			isa = PBXGroup;
			children = (
				E2C1C75124915E4600EBBC46 /* InterfaceController.swift */,
				0FE732C32495D63500A0A67C /* MealRowController.swift */,
				49D164A32497853E00A74A51 /* MealEditController.swift */,
				49D164A72498031200A74A51 /* MealCreateController.swift */,
				49A80962249AA0DD0045A1B5 /* ReportController.swift */,
			);
			path = Controller;
			sourceTree = "<group>";
		};
		49A80959249976730045A1B5 /* Scene */ = {
			isa = PBXGroup;
			children = (
				49A8095A249976A00045A1B5 /* CircleProgressScene.swift */,
			);
			path = Scene;
			sourceTree = "<group>";
		};
		6C0FED5A2497ED2F003AD52D /* Complication */ = {
			isa = PBXGroup;
			children = (
				E2C1C75724915E4600EBBC46 /* ComplicationController.swift */,
				E2C1C75924915E4800EBBC46 /* Assets.xcassets */,
			);
			path = Complication;
			sourceTree = "<group>";
		};
		6C0FED5B2497ED5B003AD52D /* Notification */ = {
			isa = PBXGroup;
			children = (
				E20AF6492498037600AEC68A /* DelayNotificationNotificationController.swift */,
				E2321D6A24959E8800E4D76F /* AppNotifications.swift */,
				E2C1C75524915E4600EBBC46 /* NotificationController.swift */,
				6CCEE63B249958DC00DF53D8 /* RoportNotificationController.swift */,
			);
			path = Notification;
			sourceTree = "<group>";
		};
		6C0FED5C2497F0B7003AD52D /* BO */ = {
			isa = PBXGroup;
			children = (
				6C0FED5D2497F1B2003AD52D /* ReportMetrics.swift */,
			);
			path = BO;
			sourceTree = "<group>";
		};
		E2321D452493AEA200E4D76F /* Model */ = {
			isa = PBXGroup;
			children = (
				E2321D6C2495A5A700E4D76F /* Entities */,
				6C0FED5C2497F0B7003AD52D /* BO */,
			);
			path = Model;
			sourceTree = "<group>";
		};
		E2321D482493B29E00E4D76F /* Helpers */ = {
			isa = PBXGroup;
			children = (
				0FA4B6B42496C26000A98649 /* Extension */,
				E2321D492493B2AD00E4D76F /* Enums */,
				0FA4B6B22496BE7B00A98649 /* Time.swift */,
				E2C1C75C24915E4800EBBC46 /* PushNotificationPayload.apns */,
				E2321D602493BDBB00E4D76F /* TimeMeals WatchKit Extension.entitlements */,
				E20AF64B2498141E00AEC68A /* TimeValidator.swift */,
				0F008C842498290400AB3B17 /* DateManager.swift */,
			);
			path = Helpers;
			sourceTree = "<group>";
		};
		E2321D492493B2AD00E4D76F /* Enums */ = {
			isa = PBXGroup;
			children = (
				E2321D4A2493B2DF00E4D76F /* Enums.swift */,
			);
			path = Enums;
			sourceTree = "<group>";
		};
		E2321D512493B9DF00E4D76F /* Database */ = {
			isa = PBXGroup;
			children = (
				E2321D522493BA2F00E4D76F /* TimeMeals.xcdatamodeld */,
				E2321D5E2493BBB700E4D76F /* CDManager.swift */,
				E2321D662493D59F00E4D76F /* DAO */,
			);
			path = Database;
			sourceTree = "<group>";
		};
		E2321D612493BDC000E4D76F /* Frameworks */ = {
			isa = PBXGroup;
			children = (
				E2321D642493BE4500E4D76F /* CoreData.framework */,
				E2321D622493BDC000E4D76F /* CloudKit.framework */,
			);
			name = Frameworks;
			sourceTree = "<group>";
		};
		E2321D662493D59F00E4D76F /* DAO */ = {
			isa = PBXGroup;
			children = (
				E2321D672493D5CA00E4D76F /* ReportDAO.swift */,
				6CB2716424954DC3009A207F /* MealDAO.swift */,
			);
			path = DAO;
			sourceTree = "<group>";
		};
		E2321D6C2495A5A700E4D76F /* Entities */ = {
			isa = PBXGroup;
			children = (
				E2321D462493AEB900E4D76F /* Meal.swift */,
				E2321D4F2493B8A900E4D76F /* Report.swift */,
			);
			path = Entities;
			sourceTree = "<group>";
		};
		E2C1C73224915E4100EBBC46 = {
			isa = PBXGroup;
			children = (
				E2C1C74124915E4100EBBC46 /* TimeMeals WatchKit App */,
				E2C1C75024915E4600EBBC46 /* TimeMeals WatchKit Extension */,
				E2C1C73A24915E4100EBBC46 /* Products */,
				E2321D612493BDC000E4D76F /* Frameworks */,
			);
			sourceTree = "<group>";
		};
		E2C1C73A24915E4100EBBC46 /* Products */ = {
			isa = PBXGroup;
			children = (
				E2C1C73924915E4100EBBC46 /* TimeMeals.app */,
				E2C1C73D24915E4100EBBC46 /* TimeMeals WatchKit App.app */,
				E2C1C74C24915E4600EBBC46 /* TimeMeals WatchKit Extension.appex */,
			);
			name = Products;
			sourceTree = "<group>";
		};
		E2C1C74124915E4100EBBC46 /* TimeMeals WatchKit App */ = {
			isa = PBXGroup;
			children = (
				E2C1C74224915E4100EBBC46 /* Interface.storyboard */,
				49A80960249A9DC90045A1B5 /* Report.storyboard */,
				E2C1C74524915E4600EBBC46 /* Assets.xcassets */,
				E2C1C74724915E4600EBBC46 /* Info.plist */,
			);
			path = "TimeMeals WatchKit App";
			sourceTree = "<group>";
		};
		E2C1C75024915E4600EBBC46 /* TimeMeals WatchKit Extension */ = {
			isa = PBXGroup;
			children = (
				E2C1C75B24915E4800EBBC46 /* Info.plist */,
				E2321D512493B9DF00E4D76F /* Database */,
				0FE732C22495D61B00A0A67C /* Controller */,
				6C0FED5B2497ED5B003AD52D /* Notification */,
				6C0FED5A2497ED2F003AD52D /* Complication */,
				49A80959249976730045A1B5 /* Scene */,
				E2321D452493AEA200E4D76F /* Model */,
				E2321D482493B29E00E4D76F /* Helpers */,
			);
			path = "TimeMeals WatchKit Extension";
			sourceTree = "<group>";
		};
/* End PBXGroup section */

/* Begin PBXNativeTarget section */
		E2C1C73824915E4100EBBC46 /* TimeMeals */ = {
			isa = PBXNativeTarget;
			buildConfigurationList = E2C1C76724915E4800EBBC46 /* Build configuration list for PBXNativeTarget "TimeMeals" */;
			buildPhases = (
				E2C1C73724915E4100EBBC46 /* Resources */,
				E2C1C76624915E4800EBBC46 /* Embed Watch Content */,
			);
			buildRules = (
			);
			dependencies = (
				E2C1C74024915E4100EBBC46 /* PBXTargetDependency */,
			);
			name = TimeMeals;
			productName = TimeMeals;
			productReference = E2C1C73924915E4100EBBC46 /* TimeMeals.app */;
			productType = "com.apple.product-type.application.watchapp2-container";
		};
		E2C1C73C24915E4100EBBC46 /* TimeMeals WatchKit App */ = {
			isa = PBXNativeTarget;
			buildConfigurationList = E2C1C76324915E4800EBBC46 /* Build configuration list for PBXNativeTarget "TimeMeals WatchKit App" */;
			buildPhases = (
				E2C1C73B24915E4100EBBC46 /* Resources */,
				E2C1C76224915E4800EBBC46 /* Embed App Extensions */,
			);
			buildRules = (
			);
			dependencies = (
				E2C1C74F24915E4600EBBC46 /* PBXTargetDependency */,
			);
			name = "TimeMeals WatchKit App";
			productName = "TimeMeals WatchKit App";
			productReference = E2C1C73D24915E4100EBBC46 /* TimeMeals WatchKit App.app */;
			productType = "com.apple.product-type.application.watchapp2";
		};
		E2C1C74B24915E4600EBBC46 /* TimeMeals WatchKit Extension */ = {
			isa = PBXNativeTarget;
			buildConfigurationList = E2C1C75F24915E4800EBBC46 /* Build configuration list for PBXNativeTarget "TimeMeals WatchKit Extension" */;
			buildPhases = (
				E2C1C74824915E4600EBBC46 /* Sources */,
				E2C1C74924915E4600EBBC46 /* Frameworks */,
				E2C1C74A24915E4600EBBC46 /* Resources */,
			);
			buildRules = (
			);
			dependencies = (
			);
			name = "TimeMeals WatchKit Extension";
			productName = "TimeMeals WatchKit Extension";
			productReference = E2C1C74C24915E4600EBBC46 /* TimeMeals WatchKit Extension.appex */;
			productType = "com.apple.product-type.watchkit2-extension";
		};
/* End PBXNativeTarget section */

/* Begin PBXProject section */
		E2C1C73324915E4100EBBC46 /* Project object */ = {
			isa = PBXProject;
			attributes = {
				LastSwiftUpdateCheck = 1150;
				LastUpgradeCheck = 1150;
				ORGANIZATIONNAME = "Caio Azevedo";
				TargetAttributes = {
					E2C1C73824915E4100EBBC46 = {
						CreatedOnToolsVersion = 11.5;
					};
					E2C1C73C24915E4100EBBC46 = {
						CreatedOnToolsVersion = 11.5;
					};
					E2C1C74B24915E4600EBBC46 = {
						CreatedOnToolsVersion = 11.5;
					};
				};
			};
			buildConfigurationList = E2C1C73624915E4100EBBC46 /* Build configuration list for PBXProject "TimeMeals" */;
			compatibilityVersion = "Xcode 9.3";
			developmentRegion = en;
			hasScannedForEncodings = 0;
			knownRegions = (
				en,
				Base,
			);
			mainGroup = E2C1C73224915E4100EBBC46;
			productRefGroup = E2C1C73A24915E4100EBBC46 /* Products */;
			projectDirPath = "";
			projectRoot = "";
			targets = (
				E2C1C73824915E4100EBBC46 /* TimeMeals */,
				E2C1C73C24915E4100EBBC46 /* TimeMeals WatchKit App */,
				E2C1C74B24915E4600EBBC46 /* TimeMeals WatchKit Extension */,
			);
		};
/* End PBXProject section */

/* Begin PBXResourcesBuildPhase section */
		E2C1C73724915E4100EBBC46 /* Resources */ = {
			isa = PBXResourcesBuildPhase;
			buildActionMask = 2147483647;
			files = (
			);
			runOnlyForDeploymentPostprocessing = 0;
		};
		E2C1C73B24915E4100EBBC46 /* Resources */ = {
			isa = PBXResourcesBuildPhase;
			buildActionMask = 2147483647;
			files = (
				E2C1C74624915E4600EBBC46 /* Assets.xcassets in Resources */,
				E2C1C74424915E4100EBBC46 /* Interface.storyboard in Resources */,
				49A80961249A9DC90045A1B5 /* Report.storyboard in Resources */,
			);
			runOnlyForDeploymentPostprocessing = 0;
		};
		E2C1C74A24915E4600EBBC46 /* Resources */ = {
			isa = PBXResourcesBuildPhase;
			buildActionMask = 2147483647;
			files = (
				E2C1C75A24915E4800EBBC46 /* Assets.xcassets in Resources */,
			);
			runOnlyForDeploymentPostprocessing = 0;
		};
/* End PBXResourcesBuildPhase section */

/* Begin PBXSourcesBuildPhase section */
		E2C1C74824915E4600EBBC46 /* Sources */ = {
			isa = PBXSourcesBuildPhase;
			buildActionMask = 2147483647;
			files = (
				E2321D6B24959E8800E4D76F /* AppNotifications.swift in Sources */,
				6CCEE63C249958DC00DF53D8 /* RoportNotificationController.swift in Sources */,
				E2321D472493AEB900E4D76F /* Meal.swift in Sources */,
				0FA4B6B62496C26E00A98649 /* DateExtension.swift in Sources */,
				6CB2716524954DC3009A207F /* MealDAO.swift in Sources */,
				49D164A82498031200A74A51 /* MealCreateController.swift in Sources */,
				E20AF64A2498037600AEC68A /* DelayNotificationNotificationController.swift in Sources */,
				E2C1C75624915E4600EBBC46 /* NotificationController.swift in Sources */,
				0F008C852498290400AB3B17 /* DateManager.swift in Sources */,
				49A8095B249976A00045A1B5 /* CircleProgressScene.swift in Sources */,
				49D164A624978AD000A74A51 /* IntExtension.swift in Sources */,
				E2321D502493B8A900E4D76F /* Report.swift in Sources */,
				E20AF64C2498141E00AEC68A /* TimeValidator.swift in Sources */,
				E2C1C75824915E4600EBBC46 /* ComplicationController.swift in Sources */,
				49A80963249AA0DD0045A1B5 /* ReportController.swift in Sources */,
				6C0FED5E2497F1B2003AD52D /* ReportMetrics.swift in Sources */,
				0FE732C42495D63500A0A67C /* MealRowController.swift in Sources */,
				0FA4B6B32496BE7B00A98649 /* Time.swift in Sources */,
				E2C1C75424915E4600EBBC46 /* ExtensionDelegate.swift in Sources */,
				E2321D5F2493BBB700E4D76F /* CDManager.swift in Sources */,
				49D164A42497853E00A74A51 /* MealEditController.swift in Sources */,
				E2321D4B2493B2DF00E4D76F /* Enums.swift in Sources */,
				E2321D682493D5CA00E4D76F /* ReportDAO.swift in Sources */,
				E2C1C75224915E4600EBBC46 /* InterfaceController.swift in Sources */,
				E2321D542493BA2F00E4D76F /* TimeMeals.xcdatamodeld in Sources */,
			);
			runOnlyForDeploymentPostprocessing = 0;
		};
/* End PBXSourcesBuildPhase section */

/* Begin PBXTargetDependency section */
		E2C1C74024915E4100EBBC46 /* PBXTargetDependency */ = {
			isa = PBXTargetDependency;
			target = E2C1C73C24915E4100EBBC46 /* TimeMeals WatchKit App */;
			targetProxy = E2C1C73F24915E4100EBBC46 /* PBXContainerItemProxy */;
		};
		E2C1C74F24915E4600EBBC46 /* PBXTargetDependency */ = {
			isa = PBXTargetDependency;
			target = E2C1C74B24915E4600EBBC46 /* TimeMeals WatchKit Extension */;
			targetProxy = E2C1C74E24915E4600EBBC46 /* PBXContainerItemProxy */;
		};
/* End PBXTargetDependency section */

/* Begin PBXVariantGroup section */
		E2C1C74224915E4100EBBC46 /* Interface.storyboard */ = {
			isa = PBXVariantGroup;
			children = (
				E2C1C74324915E4100EBBC46 /* Base */,
			);
			name = Interface.storyboard;
			sourceTree = "<group>";
		};
/* End PBXVariantGroup section */

/* Begin XCBuildConfiguration section */
		E2C1C75D24915E4800EBBC46 /* Debug */ = {
			isa = XCBuildConfiguration;
			buildSettings = {
				ALWAYS_SEARCH_USER_PATHS = NO;
				CLANG_ANALYZER_NONNULL = YES;
				CLANG_ANALYZER_NUMBER_OBJECT_CONVERSION = YES_AGGRESSIVE;
				CLANG_CXX_LANGUAGE_STANDARD = "gnu++14";
				CLANG_CXX_LIBRARY = "libc++";
				CLANG_ENABLE_MODULES = YES;
				CLANG_ENABLE_OBJC_ARC = YES;
				CLANG_ENABLE_OBJC_WEAK = YES;
				CLANG_WARN_BLOCK_CAPTURE_AUTORELEASING = YES;
				CLANG_WARN_BOOL_CONVERSION = YES;
				CLANG_WARN_COMMA = YES;
				CLANG_WARN_CONSTANT_CONVERSION = YES;
				CLANG_WARN_DEPRECATED_OBJC_IMPLEMENTATIONS = YES;
				CLANG_WARN_DIRECT_OBJC_ISA_USAGE = YES_ERROR;
				CLANG_WARN_DOCUMENTATION_COMMENTS = YES;
				CLANG_WARN_EMPTY_BODY = YES;
				CLANG_WARN_ENUM_CONVERSION = YES;
				CLANG_WARN_INFINITE_RECURSION = YES;
				CLANG_WARN_INT_CONVERSION = YES;
				CLANG_WARN_NON_LITERAL_NULL_CONVERSION = YES;
				CLANG_WARN_OBJC_IMPLICIT_RETAIN_SELF = YES;
				CLANG_WARN_OBJC_LITERAL_CONVERSION = YES;
				CLANG_WARN_OBJC_ROOT_CLASS = YES_ERROR;
				CLANG_WARN_RANGE_LOOP_ANALYSIS = YES;
				CLANG_WARN_STRICT_PROTOTYPES = YES;
				CLANG_WARN_SUSPICIOUS_MOVE = YES;
				CLANG_WARN_UNGUARDED_AVAILABILITY = YES_AGGRESSIVE;
				CLANG_WARN_UNREACHABLE_CODE = YES;
				CLANG_WARN__DUPLICATE_METHOD_MATCH = YES;
				COPY_PHASE_STRIP = NO;
				DEBUG_INFORMATION_FORMAT = dwarf;
				ENABLE_STRICT_OBJC_MSGSEND = YES;
				ENABLE_TESTABILITY = YES;
				GCC_C_LANGUAGE_STANDARD = gnu11;
				GCC_DYNAMIC_NO_PIC = NO;
				GCC_NO_COMMON_BLOCKS = YES;
				GCC_OPTIMIZATION_LEVEL = 0;
				GCC_PREPROCESSOR_DEFINITIONS = (
					"DEBUG=1",
					"$(inherited)",
				);
				GCC_WARN_64_TO_32_BIT_CONVERSION = YES;
				GCC_WARN_ABOUT_RETURN_TYPE = YES_ERROR;
				GCC_WARN_UNDECLARED_SELECTOR = YES;
				GCC_WARN_UNINITIALIZED_AUTOS = YES_AGGRESSIVE;
				GCC_WARN_UNUSED_FUNCTION = YES;
				GCC_WARN_UNUSED_VARIABLE = YES;
				MTL_ENABLE_DEBUG_INFO = INCLUDE_SOURCE;
				MTL_FAST_MATH = YES;
				ONLY_ACTIVE_ARCH = YES;
				SDKROOT = iphoneos;
				SWIFT_ACTIVE_COMPILATION_CONDITIONS = DEBUG;
				SWIFT_OPTIMIZATION_LEVEL = "-Onone";
			};
			name = Debug;
		};
		E2C1C75E24915E4800EBBC46 /* Release */ = {
			isa = XCBuildConfiguration;
			buildSettings = {
				ALWAYS_SEARCH_USER_PATHS = NO;
				CLANG_ANALYZER_NONNULL = YES;
				CLANG_ANALYZER_NUMBER_OBJECT_CONVERSION = YES_AGGRESSIVE;
				CLANG_CXX_LANGUAGE_STANDARD = "gnu++14";
				CLANG_CXX_LIBRARY = "libc++";
				CLANG_ENABLE_MODULES = YES;
				CLANG_ENABLE_OBJC_ARC = YES;
				CLANG_ENABLE_OBJC_WEAK = YES;
				CLANG_WARN_BLOCK_CAPTURE_AUTORELEASING = YES;
				CLANG_WARN_BOOL_CONVERSION = YES;
				CLANG_WARN_COMMA = YES;
				CLANG_WARN_CONSTANT_CONVERSION = YES;
				CLANG_WARN_DEPRECATED_OBJC_IMPLEMENTATIONS = YES;
				CLANG_WARN_DIRECT_OBJC_ISA_USAGE = YES_ERROR;
				CLANG_WARN_DOCUMENTATION_COMMENTS = YES;
				CLANG_WARN_EMPTY_BODY = YES;
				CLANG_WARN_ENUM_CONVERSION = YES;
				CLANG_WARN_INFINITE_RECURSION = YES;
				CLANG_WARN_INT_CONVERSION = YES;
				CLANG_WARN_NON_LITERAL_NULL_CONVERSION = YES;
				CLANG_WARN_OBJC_IMPLICIT_RETAIN_SELF = YES;
				CLANG_WARN_OBJC_LITERAL_CONVERSION = YES;
				CLANG_WARN_OBJC_ROOT_CLASS = YES_ERROR;
				CLANG_WARN_RANGE_LOOP_ANALYSIS = YES;
				CLANG_WARN_STRICT_PROTOTYPES = YES;
				CLANG_WARN_SUSPICIOUS_MOVE = YES;
				CLANG_WARN_UNGUARDED_AVAILABILITY = YES_AGGRESSIVE;
				CLANG_WARN_UNREACHABLE_CODE = YES;
				CLANG_WARN__DUPLICATE_METHOD_MATCH = YES;
				COPY_PHASE_STRIP = NO;
				DEBUG_INFORMATION_FORMAT = "dwarf-with-dsym";
				ENABLE_NS_ASSERTIONS = NO;
				ENABLE_STRICT_OBJC_MSGSEND = YES;
				GCC_C_LANGUAGE_STANDARD = gnu11;
				GCC_NO_COMMON_BLOCKS = YES;
				GCC_WARN_64_TO_32_BIT_CONVERSION = YES;
				GCC_WARN_ABOUT_RETURN_TYPE = YES_ERROR;
				GCC_WARN_UNDECLARED_SELECTOR = YES;
				GCC_WARN_UNINITIALIZED_AUTOS = YES_AGGRESSIVE;
				GCC_WARN_UNUSED_FUNCTION = YES;
				GCC_WARN_UNUSED_VARIABLE = YES;
				MTL_ENABLE_DEBUG_INFO = NO;
				MTL_FAST_MATH = YES;
				SDKROOT = iphoneos;
				SWIFT_COMPILATION_MODE = wholemodule;
				SWIFT_OPTIMIZATION_LEVEL = "-O";
				VALIDATE_PRODUCT = YES;
			};
			name = Release;
		};
		E2C1C76024915E4800EBBC46 /* Debug */ = {
			isa = XCBuildConfiguration;
			buildSettings = {
				ASSETCATALOG_COMPILER_COMPLICATION_NAME = Complication;
				CODE_SIGN_ENTITLEMENTS = "";
				CODE_SIGN_STYLE = Automatic;
				DEVELOPMENT_TEAM = YWRG4H69V8;
				INFOPLIST_FILE = "TimeMeals WatchKit Extension/Info.plist";
				LD_RUNPATH_SEARCH_PATHS = (
					"$(inherited)",
					"@executable_path/Frameworks",
					"@executable_path/../../Frameworks",
				);
				PRODUCT_BUNDLE_IDENTIFIER = com.academy.test.MiniChallengeV.TimeMeals.watchkitapp.watchkitextension;
				PRODUCT_NAME = "${TARGET_NAME}";
				SDKROOT = watchos;
				SKIP_INSTALL = YES;
				SWIFT_VERSION = 5.0;
				TARGETED_DEVICE_FAMILY = 4;
				WATCHOS_DEPLOYMENT_TARGET = 6.2;
			};
			name = Debug;
		};
		E2C1C76124915E4800EBBC46 /* Release */ = {
			isa = XCBuildConfiguration;
			buildSettings = {
				ASSETCATALOG_COMPILER_COMPLICATION_NAME = Complication;
				CODE_SIGN_ENTITLEMENTS = "";
				CODE_SIGN_STYLE = Automatic;
				DEVELOPMENT_TEAM = YWRG4H69V8;
				INFOPLIST_FILE = "TimeMeals WatchKit Extension/Info.plist";
				LD_RUNPATH_SEARCH_PATHS = (
					"$(inherited)",
					"@executable_path/Frameworks",
					"@executable_path/../../Frameworks",
				);
				PRODUCT_BUNDLE_IDENTIFIER = com.academy.test.MiniChallengeV.TimeMeals.watchkitapp.watchkitextension;
				PRODUCT_NAME = "${TARGET_NAME}";
				SDKROOT = watchos;
				SKIP_INSTALL = YES;
				SWIFT_VERSION = 5.0;
				TARGETED_DEVICE_FAMILY = 4;
				WATCHOS_DEPLOYMENT_TARGET = 6.2;
			};
			name = Release;
		};
		E2C1C76424915E4800EBBC46 /* Debug */ = {
			isa = XCBuildConfiguration;
			buildSettings = {
				ALWAYS_EMBED_SWIFT_STANDARD_LIBRARIES = YES;
				ASSETCATALOG_COMPILER_APPICON_NAME = AppIcon;
				CODE_SIGN_STYLE = Automatic;
				DEVELOPMENT_TEAM = KFC8C5H4A6;
				IBSC_MODULE = TimeMeals_WatchKit_Extension;
				INFOPLIST_FILE = "TimeMeals WatchKit App/Info.plist";
				PRODUCT_BUNDLE_IDENTIFIER = com.academy.test.MiniChallengeV.TimeMeals.watchkitapp;
				PRODUCT_NAME = "$(TARGET_NAME)";
				SDKROOT = watchos;
				SKIP_INSTALL = YES;
				SWIFT_VERSION = 5.0;
				TARGETED_DEVICE_FAMILY = 4;
				WATCHOS_DEPLOYMENT_TARGET = 6.2;
			};
			name = Debug;
		};
		E2C1C76524915E4800EBBC46 /* Release */ = {
			isa = XCBuildConfiguration;
			buildSettings = {
				ALWAYS_EMBED_SWIFT_STANDARD_LIBRARIES = YES;
				ASSETCATALOG_COMPILER_APPICON_NAME = AppIcon;
				CODE_SIGN_STYLE = Automatic;
				DEVELOPMENT_TEAM = KFC8C5H4A6;
				IBSC_MODULE = TimeMeals_WatchKit_Extension;
				INFOPLIST_FILE = "TimeMeals WatchKit App/Info.plist";
				PRODUCT_BUNDLE_IDENTIFIER = com.academy.test.MiniChallengeV.TimeMeals.watchkitapp;
				PRODUCT_NAME = "$(TARGET_NAME)";
				SDKROOT = watchos;
				SKIP_INSTALL = YES;
				SWIFT_VERSION = 5.0;
				TARGETED_DEVICE_FAMILY = 4;
				WATCHOS_DEPLOYMENT_TARGET = 6.2;
			};
			name = Release;
		};
		E2C1C76824915E4800EBBC46 /* Debug */ = {
			isa = XCBuildConfiguration;
			buildSettings = {
				CODE_SIGN_STYLE = Automatic;
				CURRENT_PROJECT_VERSION = 1;
				DEVELOPMENT_TEAM = KFC8C5H4A6;
				MARKETING_VERSION = 1.0;
				PRODUCT_BUNDLE_IDENTIFIER = com.academy.test.MiniChallengeV.TimeMeals;
				PRODUCT_NAME = "$(TARGET_NAME)";
				SWIFT_VERSION = 5.0;
			};
			name = Debug;
		};
		E2C1C76924915E4800EBBC46 /* Release */ = {
			isa = XCBuildConfiguration;
			buildSettings = {
				CODE_SIGN_STYLE = Automatic;
				CURRENT_PROJECT_VERSION = 1;
				DEVELOPMENT_TEAM = KFC8C5H4A6;
				MARKETING_VERSION = 1.0;
				PRODUCT_BUNDLE_IDENTIFIER = com.academy.test.MiniChallengeV.TimeMeals;
				PRODUCT_NAME = "$(TARGET_NAME)";
				SWIFT_VERSION = 5.0;
			};
			name = Release;
		};
/* End XCBuildConfiguration section */

/* Begin XCConfigurationList section */
		E2C1C73624915E4100EBBC46 /* Build configuration list for PBXProject "TimeMeals" */ = {
			isa = XCConfigurationList;
			buildConfigurations = (
				E2C1C75D24915E4800EBBC46 /* Debug */,
				E2C1C75E24915E4800EBBC46 /* Release */,
			);
			defaultConfigurationIsVisible = 0;
			defaultConfigurationName = Release;
		};
		E2C1C75F24915E4800EBBC46 /* Build configuration list for PBXNativeTarget "TimeMeals WatchKit Extension" */ = {
			isa = XCConfigurationList;
			buildConfigurations = (
				E2C1C76024915E4800EBBC46 /* Debug */,
				E2C1C76124915E4800EBBC46 /* Release */,
			);
			defaultConfigurationIsVisible = 0;
			defaultConfigurationName = Release;
		};
		E2C1C76324915E4800EBBC46 /* Build configuration list for PBXNativeTarget "TimeMeals WatchKit App" */ = {
			isa = XCConfigurationList;
			buildConfigurations = (
				E2C1C76424915E4800EBBC46 /* Debug */,
				E2C1C76524915E4800EBBC46 /* Release */,
			);
			defaultConfigurationIsVisible = 0;
			defaultConfigurationName = Release;
		};
		E2C1C76724915E4800EBBC46 /* Build configuration list for PBXNativeTarget "TimeMeals" */ = {
			isa = XCConfigurationList;
			buildConfigurations = (
				E2C1C76824915E4800EBBC46 /* Debug */,
				E2C1C76924915E4800EBBC46 /* Release */,
			);
			defaultConfigurationIsVisible = 0;
			defaultConfigurationName = Release;
		};
/* End XCConfigurationList section */

/* Begin XCVersionGroup section */
		E2321D522493BA2F00E4D76F /* TimeMeals.xcdatamodeld */ = {
			isa = XCVersionGroup;
			children = (
				E2321D532493BA2F00E4D76F /* TimeMeals.xcdatamodel */,
			);
			currentVersion = E2321D532493BA2F00E4D76F /* TimeMeals.xcdatamodel */;
			path = TimeMeals.xcdatamodeld;
			sourceTree = "<group>";
			versionGroupType = wrapper.xcdatamodel;
		};
/* End XCVersionGroup section */
	};
	rootObject = E2C1C73324915E4100EBBC46 /* Project object */;
}
